
Microsoft Visual Studio Solution File, Format Version 12.00
# Visual Studio Version 16
VisualStudioVersion = 16.0.34114.132
MinimumVisualStudioVersion = 10.0.40219.1
Project("{FAE04EC0-301F-11D3-BF4B-00C04F79EFBC}") = "Address Book Project", "Address Book Project\Address Book Project.csproj", "{1498A2B0-7E90-41F5-A12A-9FD540D1EBB1}"
EndProject
Project("{FAE04EC0-301F-11D3-BF4B-00C04F79EFBC}") = "AddressBook.DB", "AddressBook.DB\AddressBook.DB.csproj", "{CA967CC6-C4C8-475C-8B83-D9F2F3EC1108}"
EndProject
Project("{FAE04EC0-301F-11D3-BF4B-00C04F79EFBC}") = "AddressBook.EF", "AddressBook.EF\AddressBook.EF.csproj", "{32FFED97-BBBC-4AFF-BFA9-60E3C4EA8326}"
EndProject
Project("{FAE04EC0-301F-11D3-BF4B-00C04F79EFBC}") = "AddressBook.Common", "AddressBook.Common\AddressBook.Common.csproj", "{C4A6DDB5-F0D4-4E4D-B16D-1E0F325BF944}"
EndProject
Project("{FAE04EC0-301F-11D3-BF4B-00C04F79EFBC}") = "AddressBook.Application", "AddressBook.Application\AddressBook.Application.csproj", "{F7F9F01A-40C5-4659-839B-75273C464EAE}"
EndProject
Global
	GlobalSection(SolutionConfigurationPlatforms) = preSolution
		Debug|Any CPU = Debug|Any CPU
		Release|Any CPU = Release|Any CPU
	EndGlobalSection
	GlobalSection(ProjectConfigurationPlatforms) = postSolution
		{1498A2B0-7E90-41F5-A12A-9FD540D1EBB1}.Debug|Any CPU.ActiveCfg = Debug|Any CPU
		{1498A2B0-7E90-41F5-A12A-9FD540D1EBB1}.Debug|Any CPU.Build.0 = Debug|Any CPU
		{1498A2B0-7E90-41F5-A12A-9FD540D1EBB1}.Release|Any CPU.ActiveCfg = Release|Any CPU
		{1498A2B0-7E90-41F5-A12A-9FD540D1EBB1}.Release|Any CPU.Build.0 = Release|Any CPU
		{CA967CC6-C4C8-475C-8B83-D9F2F3EC1108}.Debug|Any CPU.ActiveCfg = Debug|Any CPU
		{CA967CC6-C4C8-475C-8B83-D9F2F3EC1108}.Debug|Any CPU.Build.0 = Debug|Any CPU
		{CA967CC6-C4C8-475C-8B83-D9F2F3EC1108}.Release|Any CPU.ActiveCfg = Release|Any CPU
		{CA967CC6-C4C8-475C-8B83-D9F2F3EC1108}.Release|Any CPU.Build.0 = Release|Any CPU
		{32FFED97-BBBC-4AFF-BFA9-60E3C4EA8326}.Debug|Any CPU.ActiveCfg = Debug|Any CPU
		{32FFED97-BBBC-4AFF-BFA9-60E3C4EA8326}.Debug|Any CPU.Build.0 = Debug|Any CPU
		{32FFED97-BBBC-4AFF-BFA9-60E3C4EA8326}.Release|Any CPU.ActiveCfg = Release|Any CPU
		{32FFED97-BBBC-4AFF-BFA9-60E3C4EA8326}.Release|Any CPU.Build.0 = Release|Any CPU
		{C4A6DDB5-F0D4-4E4D-B16D-1E0F325BF944}.Debug|Any CPU.ActiveCfg = Debug|Any CPU
		{C4A6DDB5-F0D4-4E4D-B16D-1E0F325BF944}.Debug|Any CPU.Build.0 = Debug|Any CPU
		{C4A6DDB5-F0D4-4E4D-B16D-1E0F325BF944}.Release|Any CPU.ActiveCfg = Release|Any CPU
		{C4A6DDB5-F0D4-4E4D-B16D-1E0F325BF944}.Release|Any CPU.Build.0 = Release|Any CPU
		{F7F9F01A-40C5-4659-839B-75273C464EAE}.Debug|Any CPU.ActiveCfg = Debug|Any CPU
		{F7F9F01A-40C5-4659-839B-75273C464EAE}.Debug|Any CPU.Build.0 = Debug|Any CPU
		{F7F9F01A-40C5-4659-839B-75273C464EAE}.Release|Any CPU.ActiveCfg = Release|Any CPU
		{F7F9F01A-40C5-4659-839B-75273C464EAE}.Release|Any CPU.Build.0 = Release|Any CPU
	EndGlobalSection
	GlobalSection(SolutionProperties) = preSolution
		HideSolutionNode = FALSE
	EndGlobalSection
	GlobalSection(ExtensibilityGlobals) = postSolution
		SolutionGuid = {F96E1CDD-766B-42D1-AD9B-E48BD19478BD}
	EndGlobalSection
EndGlobal
